
Microsoft Visual Studio Solution File, Format Version 12.00
# Visual Studio 2012
Project("{FAE04EC0-301F-11D3-BF4B-00C04F79EFBC}") = "FreshDirectShouldHireChrisB", "FreshDirectShouldHireChrisB.csproj", "{34A7C775-EA5C-4BDC-9CF7-F85C08246646}"
EndProject
Global
	GlobalSection(SolutionConfigurationPlatforms) = preSolution
		Debug|iPhoneSimulator = Debug|iPhoneSimulator
		Release|iPhone = Release|iPhone
		Release|iPhoneSimulator = Release|iPhoneSimulator
		Debug|iPhone = Debug|iPhone
	EndGlobalSection
	GlobalSection(ProjectConfigurationPlatforms) = postSolution
		{34A7C775-EA5C-4BDC-9CF7-F85C08246646}.Debug|iPhoneSimulator.ActiveCfg = Debug|iPhoneSimulator
		{34A7C775-EA5C-4BDC-9CF7-F85C08246646}.Debug|iPhoneSimulator.Build.0 = Debug|iPhoneSimulator
		{34A7C775-EA5C-4BDC-9CF7-F85C08246646}.Release|iPhone.ActiveCfg = Release|iPhone
		{34A7C775-EA5C-4BDC-9CF7-F85C08246646}.Release|iPhone.Build.0 = Release|iPhone
		{34A7C775-EA5C-4BDC-9CF7-F85C08246646}.Release|iPhoneSimulator.ActiveCfg = Release|iPhoneSimulator
		{34A7C775-EA5C-4BDC-9CF7-F85C08246646}.Release|iPhoneSimulator.Build.0 = Release|iPhoneSimulator
		{34A7C775-EA5C-4BDC-9CF7-F85C08246646}.Debug|iPhone.ActiveCfg = Debug|iPhone
		{34A7C775-EA5C-4BDC-9CF7-F85C08246646}.Debug|iPhone.Build.0 = Debug|iPhone
	EndGlobalSection
EndGlobal
